// !$*UTF8*$!
{
	archiveVersion = 1;
	classes = {
	};
	objectVersion = 48;
	objects = {

/* Begin PBXBuildFile section */
		8100899921084D3700C05391 /* IRChapterModel.m in Sources */ = {isa = PBXBuildFile; fileRef = 8100899821084D3700C05391 /* IRChapterModel.m */; };
		810089B2210B1D7200C05391 /* IRPageModel.m in Sources */ = {isa = PBXBuildFile; fileRef = 810089B1210B1D7200C05391 /* IRPageModel.m */; };
		810089B5210B204100C05391 /* IRReaderConfig.m in Sources */ = {isa = PBXBuildFile; fileRef = 810089B4210B204100C05391 /* IRReaderConfig.m */; };
		810688B421181D060038B94A /* IRReaderCenterController.m in Sources */ = {isa = PBXBuildFile; fileRef = 810688B321181D060038B94A /* IRReaderCenterController.m */; };
		810688BD21182BB20038B94A /* IRReaderNavigationView.m in Sources */ = {isa = PBXBuildFile; fileRef = 810688BC21182BB20038B94A /* IRReaderNavigationView.m */; };
		810688C021192E330038B94A /* IRUIUtilites.m in Sources */ = {isa = PBXBuildFile; fileRef = 810688BF21192E330038B94A /* IRUIUtilites.m */; };
		810688C6211939180038B94A /* NSDictionary+Safe.m in Sources */ = {isa = PBXBuildFile; fileRef = 810688C3211939180038B94A /* NSDictionary+Safe.m */; };
		810688C9211939240038B94A /* NSArray+Safe.m in Sources */ = {isa = PBXBuildFile; fileRef = 810688C8211939240038B94A /* NSArray+Safe.m */; };
		810C5054212E63F6000DA3B5 /* IRBookCell.m in Sources */ = {isa = PBXBuildFile; fileRef = 810C5053212E63F6000DA3B5 /* IRBookCell.m */; };
		810C5057212E6459000DA3B5 /* HomePageViewController.m in Sources */ = {isa = PBXBuildFile; fileRef = 810C5056212E6459000DA3B5 /* HomePageViewController.m */; };
		810C505A212E9316000DA3B5 /* IRReaderSettingView.m in Sources */ = {isa = PBXBuildFile; fileRef = 810C5059212E9316000DA3B5 /* IRReaderSettingView.m */; };
		810C5061212FF565000DA3B5 /* IRCacheManager.m in Sources */ = {isa = PBXBuildFile; fileRef = 810C5060212FF565000DA3B5 /* IRCacheManager.m */; };
		8145189520F307E000DC5F3D /* IREpubBook.m in Sources */ = {isa = PBXBuildFile; fileRef = 8145189420F307E000DC5F3D /* IREpubBook.m */; };
		81B3747520F8AABB00D86F5C /* IRCollectionViewCell.m in Sources */ = {isa = PBXBuildFile; fileRef = 81B3747420F8AABB00D86F5C /* IRCollectionViewCell.m */; };
		81E2851A20F857D700348253 /* IRNavigationController.m in Sources */ = {isa = PBXBuildFile; fileRef = 81E2851920F857D700348253 /* IRNavigationController.m */; };
		81E2851D20F8592B00348253 /* BookChapterListController.m in Sources */ = {isa = PBXBuildFile; fileRef = 81E2851C20F8592B00348253 /* BookChapterListController.m */; };
		81E2852020F85A3B00348253 /* BookChapterListCell.m in Sources */ = {isa = PBXBuildFile; fileRef = 81E2851F20F85A3B00348253 /* BookChapterListCell.m */; };
		81E2886A20F34700006DB29B /* GDataXMLNode.m in Sources */ = {isa = PBXBuildFile; fileRef = 81E2886920F34700006DB29B /* GDataXMLNode.m */; settings = {COMPILER_FLAGS = "-fno-objc-arc"; }; };
		81E2886E20F35295006DB29B /* IRFileUtilites.m in Sources */ = {isa = PBXBuildFile; fileRef = 81E2886D20F35295006DB29B /* IRFileUtilites.m */; };
		81E2887920F38C4E006DB29B /* IRContainer.m in Sources */ = {isa = PBXBuildFile; fileRef = 81E2887820F38C4E006DB29B /* IRContainer.m */; };
		81E2887C20F391C5006DB29B /* IRCommonUtilites.m in Sources */ = {isa = PBXBuildFile; fileRef = 81E2887B20F391C5006DB29B /* IRCommonUtilites.m */; };
		81E2888220F44FCF006DB29B /* IROpfMetadata.m in Sources */ = {isa = PBXBuildFile; fileRef = 81E2888120F44FCF006DB29B /* IROpfMetadata.m */; };
		81E2888D20F48A46006DB29B /* IRResource.m in Sources */ = {isa = PBXBuildFile; fileRef = 81E2888C20F48A46006DB29B /* IRResource.m */; };
		81E2889320F4A4D7006DB29B /* IROpfManifest.m in Sources */ = {isa = PBXBuildFile; fileRef = 81E2889220F4A4D7006DB29B /* IROpfManifest.m */; };
		81E2889720F4A99F006DB29B /* The Silver Chair.epub in Resources */ = {isa = PBXBuildFile; fileRef = 81E2889620F4A99F006DB29B /* The Silver Chair.epub */; };
		81E2889A20F4D924006DB29B /* IRTocRefrence.m in Sources */ = {isa = PBXBuildFile; fileRef = 81E2889920F4D924006DB29B /* IRTocRefrence.m */; };
		81E2889F20F5F42B006DB29B /* IROpfSpine.m in Sources */ = {isa = PBXBuildFile; fileRef = 81E2889E20F5F42B006DB29B /* IROpfSpine.m */; };
		81E288A220F5F45D006DB29B /* IRSpine.m in Sources */ = {isa = PBXBuildFile; fileRef = 81E288A120F5F45D006DB29B /* IRSpine.m */; };
		81FD54EB21255AF4005AA7AF /* NSObject+IRSwizzling.m in Sources */ = {isa = PBXBuildFile; fileRef = 81FD54EA21255AF4005AA7AF /* NSObject+IRSwizzling.m */; };
		81FD55362126CC7B005AA7AF /* IRPageViewController.m in Sources */ = {isa = PBXBuildFile; fileRef = 81FD55352126CC7B005AA7AF /* IRPageViewController.m */; };
		81FD55392126CD22005AA7AF /* IRReadingViewController.m in Sources */ = {isa = PBXBuildFile; fileRef = 81FD55382126CD22005AA7AF /* IRReadingViewController.m */; };
		CC9EB8FE7CDD1B0D1AF79B38 /* libPods-iReader.a in Frameworks */ = {isa = PBXBuildFile; fileRef = 42D886AB0BE345FE472D2E28 /* libPods-iReader.a */; };
		DF92E84020FAFC3A008285C1 /* 细说明朝.epub in Resources */ = {isa = PBXBuildFile; fileRef = DF92E83F20FAFC3A008285C1 /* 细说明朝.epub */; };
		DFDC3BC8205665E100E40E27 /* AppDelegate.m in Sources */ = {isa = PBXBuildFile; fileRef = DFDC3BC7205665E100E40E27 /* AppDelegate.m */; };
		DFDC3BD6205665E100E40E27 /* main.m in Sources */ = {isa = PBXBuildFile; fileRef = DFDC3BD5205665E100E40E27 /* main.m */; };
		DFDC3BE0205665E100E40E27 /* iReaderTests.m in Sources */ = {isa = PBXBuildFile; fileRef = DFDC3BDF205665E100E40E27 /* iReaderTests.m */; };
		DFDC3BEB205665E100E40E27 /* iReaderUITests.m in Sources */ = {isa = PBXBuildFile; fileRef = DFDC3BEA205665E100E40E27 /* iReaderUITests.m */; };
		DFDC3C0A2056688400E40E27 /* Main.storyboard in Resources */ = {isa = PBXBuildFile; fileRef = DFDC3C072056688400E40E27 /* Main.storyboard */; };
		DFDC3C0B2056688400E40E27 /* Assets.xcassets in Resources */ = {isa = PBXBuildFile; fileRef = DFDC3C082056688400E40E27 /* Assets.xcassets */; };
		DFDC3C0F2056690000E40E27 /* MainViewController.m in Sources */ = {isa = PBXBuildFile; fileRef = DFDC3C0E2056690000E40E27 /* MainViewController.m */; };
		DFDC3C1720566ACD00E40E27 /* DiscoveryViewController.m in Sources */ = {isa = PBXBuildFile; fileRef = DFDC3C1620566ACD00E40E27 /* DiscoveryViewController.m */; };
		DFDC3C1D20567E8900E40E27 /* UIView+Extension.m in Sources */ = {isa = PBXBuildFile; fileRef = DFDC3C1B20567E8900E40E27 /* UIView+Extension.m */; };
		DFDC3C2320567EFC00E40E27 /* IERouter.m in Sources */ = {isa = PBXBuildFile; fileRef = DFDC3C2020567EFC00E40E27 /* IERouter.m */; };
		DFDC3C2420567EFC00E40E27 /* RouterBlockList.plist in Resources */ = {isa = PBXBuildFile; fileRef = DFDC3C2220567EFC00E40E27 /* RouterBlockList.plist */; };
		DFDC3C2720567F5000E40E27 /* NSString+Extension.m in Sources */ = {isa = PBXBuildFile; fileRef = DFDC3C2520567F5000E40E27 /* NSString+Extension.m */; };
		DFDC3C3D205A5A0A00E40E27 /* IREpubParser.m in Sources */ = {isa = PBXBuildFile; fileRef = DFDC3C3C205A5A0A00E40E27 /* IREpubParser.m */; };
		DFDC3C47205A613600E40E27 /* IRAuthor.m in Sources */ = {isa = PBXBuildFile; fileRef = DFDC3C46205A613600E40E27 /* IRAuthor.m */; };
		DFDC3C53205A647500E40E27 /* IRMediaType.m in Sources */ = {isa = PBXBuildFile; fileRef = DFDC3C52205A647500E40E27 /* IRMediaType.m */; };
		DFEADB8620FB82B100BB4F97 /* UIColor+Extension.m in Sources */ = {isa = PBXBuildFile; fileRef = DFEADB8520FB82B100BB4F97 /* UIColor+Extension.m */; };
/* End PBXBuildFile section */

/* Begin PBXContainerItemProxy section */
		DFDC3BDC205665E100E40E27 /* PBXContainerItemProxy */ = {
			isa = PBXContainerItemProxy;
			containerPortal = DFDC3BBB205665E100E40E27 /* Project object */;
			proxyType = 1;
			remoteGlobalIDString = DFDC3BC2205665E100E40E27;
			remoteInfo = iReader;
		};
		DFDC3BE7205665E100E40E27 /* PBXContainerItemProxy */ = {
			isa = PBXContainerItemProxy;
			containerPortal = DFDC3BBB205665E100E40E27 /* Project object */;
			proxyType = 1;
			remoteGlobalIDString = DFDC3BC2205665E100E40E27;
			remoteInfo = iReader;
		};
/* End PBXContainerItemProxy section */

/* Begin PBXFileReference section */
		1F5255C12A7E313323610965 /* Pods-iReader.release.xcconfig */ = {isa = PBXFileReference; includeInIndex = 1; lastKnownFileType = text.xcconfig; name = "Pods-iReader.release.xcconfig"; path = "Pods/Target Support Files/Pods-iReader/Pods-iReader.release.xcconfig"; sourceTree = "<group>"; };
		42D886AB0BE345FE472D2E28 /* libPods-iReader.a */ = {isa = PBXFileReference; explicitFileType = archive.ar; includeInIndex = 0; path = "libPods-iReader.a"; sourceTree = BUILT_PRODUCTS_DIR; };
		8100899721084D3700C05391 /* IRChapterModel.h */ = {isa = PBXFileReference; lastKnownFileType = sourcecode.c.h; path = IRChapterModel.h; sourceTree = "<group>"; };
		8100899821084D3700C05391 /* IRChapterModel.m */ = {isa = PBXFileReference; lastKnownFileType = sourcecode.c.objc; path = IRChapterModel.m; sourceTree = "<group>"; };
		810089B0210B1D7200C05391 /* IRPageModel.h */ = {isa = PBXFileReference; lastKnownFileType = sourcecode.c.h; path = IRPageModel.h; sourceTree = "<group>"; };
		810089B1210B1D7200C05391 /* IRPageModel.m */ = {isa = PBXFileReference; lastKnownFileType = sourcecode.c.objc; path = IRPageModel.m; sourceTree = "<group>"; };
		810089B3210B204100C05391 /* IRReaderConfig.h */ = {isa = PBXFileReference; lastKnownFileType = sourcecode.c.h; path = IRReaderConfig.h; sourceTree = "<group>"; };
		810089B4210B204100C05391 /* IRReaderConfig.m */ = {isa = PBXFileReference; lastKnownFileType = sourcecode.c.objc; path = IRReaderConfig.m; sourceTree = "<group>"; };
		810688B221181D060038B94A /* IRReaderCenterController.h */ = {isa = PBXFileReference; lastKnownFileType = sourcecode.c.h; path = IRReaderCenterController.h; sourceTree = "<group>"; };
		810688B321181D060038B94A /* IRReaderCenterController.m */ = {isa = PBXFileReference; lastKnownFileType = sourcecode.c.objc; path = IRReaderCenterController.m; sourceTree = "<group>"; };
		810688BB21182BB20038B94A /* IRReaderNavigationView.h */ = {isa = PBXFileReference; lastKnownFileType = sourcecode.c.h; path = IRReaderNavigationView.h; sourceTree = "<group>"; };
		810688BC21182BB20038B94A /* IRReaderNavigationView.m */ = {isa = PBXFileReference; lastKnownFileType = sourcecode.c.objc; path = IRReaderNavigationView.m; sourceTree = "<group>"; };
		810688BE21192E330038B94A /* IRUIUtilites.h */ = {isa = PBXFileReference; lastKnownFileType = sourcecode.c.h; path = IRUIUtilites.h; sourceTree = "<group>"; };
		810688BF21192E330038B94A /* IRUIUtilites.m */ = {isa = PBXFileReference; lastKnownFileType = sourcecode.c.objc; path = IRUIUtilites.m; sourceTree = "<group>"; };
		810688C2211939170038B94A /* NSDictionary+Safe.h */ = {isa = PBXFileReference; fileEncoding = 4; lastKnownFileType = sourcecode.c.h; path = "NSDictionary+Safe.h"; sourceTree = "<group>"; };
		810688C3211939180038B94A /* NSDictionary+Safe.m */ = {isa = PBXFileReference; fileEncoding = 4; lastKnownFileType = sourcecode.c.objc; path = "NSDictionary+Safe.m"; sourceTree = "<group>"; };
		810688C7211939240038B94A /* NSArray+Safe.h */ = {isa = PBXFileReference; fileEncoding = 4; lastKnownFileType = sourcecode.c.h; path = "NSArray+Safe.h"; sourceTree = "<group>"; };
		810688C8211939240038B94A /* NSArray+Safe.m */ = {isa = PBXFileReference; fileEncoding = 4; lastKnownFileType = sourcecode.c.objc; path = "NSArray+Safe.m"; sourceTree = "<group>"; };
		810C5052212E63F6000DA3B5 /* IRBookCell.h */ = {isa = PBXFileReference; lastKnownFileType = sourcecode.c.h; path = IRBookCell.h; sourceTree = "<group>"; };
		810C5053212E63F6000DA3B5 /* IRBookCell.m */ = {isa = PBXFileReference; lastKnownFileType = sourcecode.c.objc; path = IRBookCell.m; sourceTree = "<group>"; };
		810C5055212E6459000DA3B5 /* HomePageViewController.h */ = {isa = PBXFileReference; lastKnownFileType = sourcecode.c.h; path = HomePageViewController.h; sourceTree = "<group>"; };
		810C5056212E6459000DA3B5 /* HomePageViewController.m */ = {isa = PBXFileReference; lastKnownFileType = sourcecode.c.objc; path = HomePageViewController.m; sourceTree = "<group>"; };
		810C5058212E9316000DA3B5 /* IRReaderSettingView.h */ = {isa = PBXFileReference; lastKnownFileType = sourcecode.c.h; path = IRReaderSettingView.h; sourceTree = "<group>"; };
		810C5059212E9316000DA3B5 /* IRReaderSettingView.m */ = {isa = PBXFileReference; lastKnownFileType = sourcecode.c.objc; path = IRReaderSettingView.m; sourceTree = "<group>"; };
		810C505F212FF565000DA3B5 /* IRCacheManager.h */ = {isa = PBXFileReference; lastKnownFileType = sourcecode.c.h; path = IRCacheManager.h; sourceTree = "<group>"; };
		810C5060212FF565000DA3B5 /* IRCacheManager.m */ = {isa = PBXFileReference; lastKnownFileType = sourcecode.c.objc; path = IRCacheManager.m; sourceTree = "<group>"; };
		8145189320F307E000DC5F3D /* IREpubBook.h */ = {isa = PBXFileReference; lastKnownFileType = sourcecode.c.h; path = IREpubBook.h; sourceTree = "<group>"; };
		8145189420F307E000DC5F3D /* IREpubBook.m */ = {isa = PBXFileReference; lastKnownFileType = sourcecode.c.objc; path = IREpubBook.m; sourceTree = "<group>"; };
		81B3747320F8AABB00D86F5C /* IRCollectionViewCell.h */ = {isa = PBXFileReference; lastKnownFileType = sourcecode.c.h; path = IRCollectionViewCell.h; sourceTree = "<group>"; };
		81B3747420F8AABB00D86F5C /* IRCollectionViewCell.m */ = {isa = PBXFileReference; lastKnownFileType = sourcecode.c.objc; path = IRCollectionViewCell.m; sourceTree = "<group>"; };
		81D3402720EC6D0A0082725B /* iReader.pch */ = {isa = PBXFileReference; lastKnownFileType = sourcecode.c.h; path = iReader.pch; sourceTree = "<group>"; };
		81E2851820F857D700348253 /* IRNavigationController.h */ = {isa = PBXFileReference; lastKnownFileType = sourcecode.c.h; path = IRNavigationController.h; sourceTree = "<group>"; };
		81E2851920F857D700348253 /* IRNavigationController.m */ = {isa = PBXFileReference; lastKnownFileType = sourcecode.c.objc; path = IRNavigationController.m; sourceTree = "<group>"; };
		81E2851B20F8592B00348253 /* BookChapterListController.h */ = {isa = PBXFileReference; lastKnownFileType = sourcecode.c.h; path = BookChapterListController.h; sourceTree = "<group>"; };
		81E2851C20F8592B00348253 /* BookChapterListController.m */ = {isa = PBXFileReference; lastKnownFileType = sourcecode.c.objc; path = BookChapterListController.m; sourceTree = "<group>"; };
		81E2851E20F85A3B00348253 /* BookChapterListCell.h */ = {isa = PBXFileReference; lastKnownFileType = sourcecode.c.h; path = BookChapterListCell.h; sourceTree = "<group>"; };
		81E2851F20F85A3B00348253 /* BookChapterListCell.m */ = {isa = PBXFileReference; lastKnownFileType = sourcecode.c.objc; path = BookChapterListCell.m; sourceTree = "<group>"; };
		81E2886820F34700006DB29B /* GDataXMLNode.h */ = {isa = PBXFileReference; fileEncoding = 4; lastKnownFileType = sourcecode.c.h; path = GDataXMLNode.h; sourceTree = "<group>"; };
		81E2886920F34700006DB29B /* GDataXMLNode.m */ = {isa = PBXFileReference; fileEncoding = 4; lastKnownFileType = sourcecode.c.objc; path = GDataXMLNode.m; sourceTree = "<group>"; };
		81E2886C20F35295006DB29B /* IRFileUtilites.h */ = {isa = PBXFileReference; lastKnownFileType = sourcecode.c.h; path = IRFileUtilites.h; sourceTree = "<group>"; };
		81E2886D20F35295006DB29B /* IRFileUtilites.m */ = {isa = PBXFileReference; lastKnownFileType = sourcecode.c.objc; path = IRFileUtilites.m; sourceTree = "<group>"; };
		81E2886F20F353E2006DB29B /* IRUtilites.h */ = {isa = PBXFileReference; lastKnownFileType = sourcecode.c.h; path = IRUtilites.h; sourceTree = "<group>"; };
		81E2887720F38C4E006DB29B /* IRContainer.h */ = {isa = PBXFileReference; lastKnownFileType = sourcecode.c.h; path = IRContainer.h; sourceTree = "<group>"; };
		81E2887820F38C4E006DB29B /* IRContainer.m */ = {isa = PBXFileReference; lastKnownFileType = sourcecode.c.objc; path = IRContainer.m; sourceTree = "<group>"; };
		81E2887A20F391C5006DB29B /* IRCommonUtilites.h */ = {isa = PBXFileReference; lastKnownFileType = sourcecode.c.h; path = IRCommonUtilites.h; sourceTree = "<group>"; };
		81E2887B20F391C5006DB29B /* IRCommonUtilites.m */ = {isa = PBXFileReference; lastKnownFileType = sourcecode.c.objc; path = IRCommonUtilites.m; sourceTree = "<group>"; };
		81E2887D20F393C3006DB29B /* IRCommonDefines.h */ = {isa = PBXFileReference; lastKnownFileType = sourcecode.c.h; path = IRCommonDefines.h; sourceTree = "<group>"; };
		81E2888020F44FCF006DB29B /* IROpfMetadata.h */ = {isa = PBXFileReference; lastKnownFileType = sourcecode.c.h; path = IROpfMetadata.h; sourceTree = "<group>"; };
		81E2888120F44FCF006DB29B /* IROpfMetadata.m */ = {isa = PBXFileReference; lastKnownFileType = sourcecode.c.objc; path = IROpfMetadata.m; sourceTree = "<group>"; };
		81E2888B20F48A46006DB29B /* IRResource.h */ = {isa = PBXFileReference; lastKnownFileType = sourcecode.c.h; path = IRResource.h; sourceTree = "<group>"; };
		81E2888C20F48A46006DB29B /* IRResource.m */ = {isa = PBXFileReference; lastKnownFileType = sourcecode.c.objc; path = IRResource.m; sourceTree = "<group>"; };
		81E2889120F4A4D7006DB29B /* IROpfManifest.h */ = {isa = PBXFileReference; lastKnownFileType = sourcecode.c.h; path = IROpfManifest.h; sourceTree = "<group>"; };
		81E2889220F4A4D7006DB29B /* IROpfManifest.m */ = {isa = PBXFileReference; lastKnownFileType = sourcecode.c.objc; path = IROpfManifest.m; sourceTree = "<group>"; };
		81E2889620F4A99F006DB29B /* The Silver Chair.epub */ = {isa = PBXFileReference; lastKnownFileType = file; path = "The Silver Chair.epub"; sourceTree = "<group>"; };
		81E2889820F4D924006DB29B /* IRTocRefrence.h */ = {isa = PBXFileReference; lastKnownFileType = sourcecode.c.h; path = IRTocRefrence.h; sourceTree = "<group>"; };
		81E2889920F4D924006DB29B /* IRTocRefrence.m */ = {isa = PBXFileReference; lastKnownFileType = sourcecode.c.objc; path = IRTocRefrence.m; sourceTree = "<group>"; };
		81E2889D20F5F42B006DB29B /* IROpfSpine.h */ = {isa = PBXFileReference; lastKnownFileType = sourcecode.c.h; path = IROpfSpine.h; sourceTree = "<group>"; };
		81E2889E20F5F42B006DB29B /* IROpfSpine.m */ = {isa = PBXFileReference; lastKnownFileType = sourcecode.c.objc; path = IROpfSpine.m; sourceTree = "<group>"; };
		81E288A020F5F45D006DB29B /* IRSpine.h */ = {isa = PBXFileReference; lastKnownFileType = sourcecode.c.h; path = IRSpine.h; sourceTree = "<group>"; };
		81E288A120F5F45D006DB29B /* IRSpine.m */ = {isa = PBXFileReference; lastKnownFileType = sourcecode.c.objc; path = IRSpine.m; sourceTree = "<group>"; };
		81E288A920F63116006DB29B /* IREpubHeaders.h */ = {isa = PBXFileReference; lastKnownFileType = sourcecode.c.h; path = IREpubHeaders.h; sourceTree = "<group>"; };
		81FD54E921255AF4005AA7AF /* NSObject+IRSwizzling.h */ = {isa = PBXFileReference; lastKnownFileType = sourcecode.c.h; path = "NSObject+IRSwizzling.h"; sourceTree = "<group>"; };
		81FD54EA21255AF4005AA7AF /* NSObject+IRSwizzling.m */ = {isa = PBXFileReference; lastKnownFileType = sourcecode.c.objc; path = "NSObject+IRSwizzling.m"; sourceTree = "<group>"; };
		81FD55342126CC7B005AA7AF /* IRPageViewController.h */ = {isa = PBXFileReference; lastKnownFileType = sourcecode.c.h; path = IRPageViewController.h; sourceTree = "<group>"; };
		81FD55352126CC7B005AA7AF /* IRPageViewController.m */ = {isa = PBXFileReference; lastKnownFileType = sourcecode.c.objc; path = IRPageViewController.m; sourceTree = "<group>"; };
		81FD55372126CD22005AA7AF /* IRReadingViewController.h */ = {isa = PBXFileReference; lastKnownFileType = sourcecode.c.h; path = IRReadingViewController.h; sourceTree = "<group>"; };
		81FD55382126CD22005AA7AF /* IRReadingViewController.m */ = {isa = PBXFileReference; lastKnownFileType = sourcecode.c.objc; path = IRReadingViewController.m; sourceTree = "<group>"; };
		B2035DF92994DB586CB903BD /* Pods-iReader.debug.xcconfig */ = {isa = PBXFileReference; includeInIndex = 1; lastKnownFileType = text.xcconfig; name = "Pods-iReader.debug.xcconfig"; path = "Pods/Target Support Files/Pods-iReader/Pods-iReader.debug.xcconfig"; sourceTree = "<group>"; };
		DF92E83F20FAFC3A008285C1 /* 细说明朝.epub */ = {isa = PBXFileReference; lastKnownFileType = file; path = "细说明朝.epub"; sourceTree = "<group>"; };
		DFDC3BC3205665E100E40E27 /* iReader.app */ = {isa = PBXFileReference; explicitFileType = wrapper.application; includeInIndex = 0; path = iReader.app; sourceTree = BUILT_PRODUCTS_DIR; };
		DFDC3BC6205665E100E40E27 /* AppDelegate.h */ = {isa = PBXFileReference; lastKnownFileType = sourcecode.c.h; path = AppDelegate.h; sourceTree = "<group>"; };
		DFDC3BC7205665E100E40E27 /* AppDelegate.m */ = {isa = PBXFileReference; lastKnownFileType = sourcecode.c.objc; path = AppDelegate.m; sourceTree = "<group>"; };
		DFDC3BD4205665E100E40E27 /* Info.plist */ = {isa = PBXFileReference; lastKnownFileType = text.plist.xml; path = Info.plist; sourceTree = "<group>"; };
		DFDC3BD5205665E100E40E27 /* main.m */ = {isa = PBXFileReference; lastKnownFileType = sourcecode.c.objc; path = main.m; sourceTree = "<group>"; };
		DFDC3BDB205665E100E40E27 /* iReaderTests.xctest */ = {isa = PBXFileReference; explicitFileType = wrapper.cfbundle; includeInIndex = 0; path = iReaderTests.xctest; sourceTree = BUILT_PRODUCTS_DIR; };
		DFDC3BDF205665E100E40E27 /* iReaderTests.m */ = {isa = PBXFileReference; lastKnownFileType = sourcecode.c.objc; path = iReaderTests.m; sourceTree = "<group>"; };
		DFDC3BE1205665E100E40E27 /* Info.plist */ = {isa = PBXFileReference; lastKnownFileType = text.plist.xml; path = Info.plist; sourceTree = "<group>"; };
		DFDC3BE6205665E100E40E27 /* iReaderUITests.xctest */ = {isa = PBXFileReference; explicitFileType = wrapper.cfbundle; includeInIndex = 0; path = iReaderUITests.xctest; sourceTree = BUILT_PRODUCTS_DIR; };
		DFDC3BEA205665E100E40E27 /* iReaderUITests.m */ = {isa = PBXFileReference; lastKnownFileType = sourcecode.c.objc; path = iReaderUITests.m; sourceTree = "<group>"; };
		DFDC3BEC205665E100E40E27 /* Info.plist */ = {isa = PBXFileReference; lastKnownFileType = text.plist.xml; path = Info.plist; sourceTree = "<group>"; };
		DFDC3C072056688400E40E27 /* Main.storyboard */ = {isa = PBXFileReference; fileEncoding = 4; lastKnownFileType = file.storyboard; path = Main.storyboard; sourceTree = "<group>"; };
		DFDC3C082056688400E40E27 /* Assets.xcassets */ = {isa = PBXFileReference; lastKnownFileType = folder.assetcatalog; path = Assets.xcassets; sourceTree = "<group>"; };
		DFDC3C0D2056690000E40E27 /* MainViewController.h */ = {isa = PBXFileReference; lastKnownFileType = sourcecode.c.h; path = MainViewController.h; sourceTree = "<group>"; };
		DFDC3C0E2056690000E40E27 /* MainViewController.m */ = {isa = PBXFileReference; lastKnownFileType = sourcecode.c.objc; path = MainViewController.m; sourceTree = "<group>"; };
		DFDC3C1520566ACD00E40E27 /* DiscoveryViewController.h */ = {isa = PBXFileReference; lastKnownFileType = sourcecode.c.h; path = DiscoveryViewController.h; sourceTree = "<group>"; };
		DFDC3C1620566ACD00E40E27 /* DiscoveryViewController.m */ = {isa = PBXFileReference; lastKnownFileType = sourcecode.c.objc; path = DiscoveryViewController.m; sourceTree = "<group>"; };
		DFDC3C1B20567E8900E40E27 /* UIView+Extension.m */ = {isa = PBXFileReference; fileEncoding = 4; lastKnownFileType = sourcecode.c.objc; path = "UIView+Extension.m"; sourceTree = "<group>"; };
		DFDC3C1C20567E8900E40E27 /* UIView+Extension.h */ = {isa = PBXFileReference; fileEncoding = 4; lastKnownFileType = sourcecode.c.h; path = "UIView+Extension.h"; sourceTree = "<group>"; };
		DFDC3C2020567EFC00E40E27 /* IERouter.m */ = {isa = PBXFileReference; fileEncoding = 4; lastKnownFileType = sourcecode.c.objc; path = IERouter.m; sourceTree = "<group>"; };
		DFDC3C2120567EFC00E40E27 /* IERouter.h */ = {isa = PBXFileReference; fileEncoding = 4; lastKnownFileType = sourcecode.c.h; path = IERouter.h; sourceTree = "<group>"; };
		DFDC3C2220567EFC00E40E27 /* RouterBlockList.plist */ = {isa = PBXFileReference; fileEncoding = 4; lastKnownFileType = text.plist.xml; path = RouterBlockList.plist; sourceTree = "<group>"; };
		DFDC3C2520567F5000E40E27 /* NSString+Extension.m */ = {isa = PBXFileReference; fileEncoding = 4; lastKnownFileType = sourcecode.c.objc; path = "NSString+Extension.m"; sourceTree = "<group>"; };
		DFDC3C2620567F5000E40E27 /* NSString+Extension.h */ = {isa = PBXFileReference; fileEncoding = 4; lastKnownFileType = sourcecode.c.h; path = "NSString+Extension.h"; sourceTree = "<group>"; };
		DFDC3C3B205A5A0A00E40E27 /* IREpubParser.h */ = {isa = PBXFileReference; lastKnownFileType = sourcecode.c.h; path = IREpubParser.h; sourceTree = "<group>"; };
		DFDC3C3C205A5A0A00E40E27 /* IREpubParser.m */ = {isa = PBXFileReference; lastKnownFileType = sourcecode.c.objc; path = IREpubParser.m; sourceTree = "<group>"; };
		DFDC3C45205A613600E40E27 /* IRAuthor.h */ = {isa = PBXFileReference; lastKnownFileType = sourcecode.c.h; path = IRAuthor.h; sourceTree = "<group>"; };
		DFDC3C46205A613600E40E27 /* IRAuthor.m */ = {isa = PBXFileReference; lastKnownFileType = sourcecode.c.objc; path = IRAuthor.m; sourceTree = "<group>"; };
		DFDC3C51205A647500E40E27 /* IRMediaType.h */ = {isa = PBXFileReference; lastKnownFileType = sourcecode.c.h; path = IRMediaType.h; sourceTree = "<group>"; };
		DFDC3C52205A647500E40E27 /* IRMediaType.m */ = {isa = PBXFileReference; lastKnownFileType = sourcecode.c.objc; path = IRMediaType.m; sourceTree = "<group>"; };
		DFEADB8420FB82B100BB4F97 /* UIColor+Extension.h */ = {isa = PBXFileReference; lastKnownFileType = sourcecode.c.h; path = "UIColor+Extension.h"; sourceTree = "<group>"; };
		DFEADB8520FB82B100BB4F97 /* UIColor+Extension.m */ = {isa = PBXFileReference; lastKnownFileType = sourcecode.c.objc; path = "UIColor+Extension.m"; sourceTree = "<group>"; };
/* End PBXFileReference section */

/* Begin PBXFrameworksBuildPhase section */
		DFDC3BC0205665E100E40E27 /* Frameworks */ = {
			isa = PBXFrameworksBuildPhase;
			buildActionMask = 2147483647;
			files = (
				CC9EB8FE7CDD1B0D1AF79B38 /* libPods-iReader.a in Frameworks */,
			);
			runOnlyForDeploymentPostprocessing = 0;
		};
		DFDC3BD8205665E100E40E27 /* Frameworks */ = {
			isa = PBXFrameworksBuildPhase;
			buildActionMask = 2147483647;
			files = (
			);
			runOnlyForDeploymentPostprocessing = 0;
		};
		DFDC3BE3205665E100E40E27 /* Frameworks */ = {
			isa = PBXFrameworksBuildPhase;
			buildActionMask = 2147483647;
			files = (
			);
			runOnlyForDeploymentPostprocessing = 0;
		};
/* End PBXFrameworksBuildPhase section */

/* Begin PBXGroup section */
		577A8CA8467CBEAAFE776266 /* Pods */ = {
			isa = PBXGroup;
			children = (
				B2035DF92994DB586CB903BD /* Pods-iReader.debug.xcconfig */,
				1F5255C12A7E313323610965 /* Pods-iReader.release.xcconfig */,
			);
			name = Pods;
			sourceTree = "<group>";
		};
		810C504F212E6382000DA3B5 /* Main */ = {
			isa = PBXGroup;
			children = (
				DFDC3C0D2056690000E40E27 /* MainViewController.h */,
				DFDC3C0E2056690000E40E27 /* MainViewController.m */,
				81E2851820F857D700348253 /* IRNavigationController.h */,
				81E2851920F857D700348253 /* IRNavigationController.m */,
			);
			path = Main;
			sourceTree = "<group>";
		};
		810C5050212E6393000DA3B5 /* HomePage */ = {
			isa = PBXGroup;
			children = (
				810C5051212E63B0000DA3B5 /* View */,
				810C5055212E6459000DA3B5 /* HomePageViewController.h */,
				810C5056212E6459000DA3B5 /* HomePageViewController.m */,
			);
			path = HomePage;
			sourceTree = "<group>";
		};
		810C5051212E63B0000DA3B5 /* View */ = {
			isa = PBXGroup;
			children = (
				810C5052212E63F6000DA3B5 /* IRBookCell.h */,
				810C5053212E63F6000DA3B5 /* IRBookCell.m */,
			);
			path = View;
			sourceTree = "<group>";
		};
		810C505E212FF53D000DA3B5 /* IRCacheManager */ = {
			isa = PBXGroup;
			children = (
				810C505F212FF565000DA3B5 /* IRCacheManager.h */,
				810C5060212FF565000DA3B5 /* IRCacheManager.m */,
			);
			path = IRCacheManager;
			sourceTree = "<group>";
		};
		81154F4D20F64F9F008A15E8 /* RreaderKit */ = {
			isa = PBXGroup;
			children = (
				81E2851720F8550100348253 /* ChapterList */,
				8100899721084D3700C05391 /* IRChapterModel.h */,
				8100899821084D3700C05391 /* IRChapterModel.m */,
				810089B0210B1D7200C05391 /* IRPageModel.h */,
				810089B1210B1D7200C05391 /* IRPageModel.m */,
				810089B3210B204100C05391 /* IRReaderConfig.h */,
				810089B4210B204100C05391 /* IRReaderConfig.m */,
				810688B221181D060038B94A /* IRReaderCenterController.h */,
				810688B321181D060038B94A /* IRReaderCenterController.m */,
				810688BB21182BB20038B94A /* IRReaderNavigationView.h */,
				810688BC21182BB20038B94A /* IRReaderNavigationView.m */,
				81FD55372126CD22005AA7AF /* IRReadingViewController.h */,
				81FD55382126CD22005AA7AF /* IRReadingViewController.m */,
				810C5058212E9316000DA3B5 /* IRReaderSettingView.h */,
				810C5059212E9316000DA3B5 /* IRReaderSettingView.m */,
			);
			path = RreaderKit;
			sourceTree = "<group>";
		};
		81B3747120F8AA6200D86F5C /* Common */ = {
			isa = PBXGroup;
			children = (
				810C505E212FF53D000DA3B5 /* IRCacheManager */,
				81FD55332126CC57005AA7AF /* IRPageViewController */,
				81B3747220F8AA6B00D86F5C /* View */,
			);
			path = Common;
			sourceTree = "<group>";
		};
		81B3747220F8AA6B00D86F5C /* View */ = {
			isa = PBXGroup;
			children = (
				81B3747320F8AABB00D86F5C /* IRCollectionViewCell.h */,
				81B3747420F8AABB00D86F5C /* IRCollectionViewCell.m */,
			);
			path = View;
			sourceTree = "<group>";
		};
		81D3402420EC6BB70082725B /* Books */ = {
			isa = PBXGroup;
			children = (
				DF92E83F20FAFC3A008285C1 /* 细说明朝.epub */,
				81E2889620F4A99F006DB29B /* The Silver Chair.epub */,
			);
			path = Books;
			sourceTree = "<group>";
		};
		81D3402620EC6CCD0082725B /* Other */ = {
			isa = PBXGroup;
			children = (
				81D3402720EC6D0A0082725B /* iReader.pch */,
			);
			path = Other;
			sourceTree = "<group>";
		};
		81E2851720F8550100348253 /* ChapterList */ = {
			isa = PBXGroup;
			children = (
				81E2851E20F85A3B00348253 /* BookChapterListCell.h */,
				81E2851F20F85A3B00348253 /* BookChapterListCell.m */,
				81E2851B20F8592B00348253 /* BookChapterListController.h */,
				81E2851C20F8592B00348253 /* BookChapterListController.m */,
			);
			path = ChapterList;
			sourceTree = "<group>";
		};
		81E2852520F8868900348253 /* ThirdParty */ = {
			isa = PBXGroup;
			children = (
				81E2886720F34408006DB29B /* GDataXML */,
			);
			path = ThirdParty;
			sourceTree = "<group>";
		};
		81E2886720F34408006DB29B /* GDataXML */ = {
			isa = PBXGroup;
			children = (
				81E2886820F34700006DB29B /* GDataXMLNode.h */,
				81E2886920F34700006DB29B /* GDataXMLNode.m */,
			);
			path = GDataXML;
			sourceTree = "<group>";
		};
		81E2886B20F35248006DB29B /* Utilites */ = {
			isa = PBXGroup;
			children = (
				81E2886F20F353E2006DB29B /* IRUtilites.h */,
				81E2886C20F35295006DB29B /* IRFileUtilites.h */,
				81E2886D20F35295006DB29B /* IRFileUtilites.m */,
				81E2887A20F391C5006DB29B /* IRCommonUtilites.h */,
				81E2887B20F391C5006DB29B /* IRCommonUtilites.m */,
				810688BE21192E330038B94A /* IRUIUtilites.h */,
				810688BF21192E330038B94A /* IRUIUtilites.m */,
			);
			path = Utilites;
			sourceTree = "<group>";
		};
		81E2887E20F44F57006DB29B /* META-INF */ = {
			isa = PBXGroup;
			children = (
				81E2887720F38C4E006DB29B /* IRContainer.h */,
				81E2887820F38C4E006DB29B /* IRContainer.m */,
			);
			path = "META-INF";
			sourceTree = "<group>";
		};
		81E2887F20F44F9E006DB29B /* OPF-INF */ = {
			isa = PBXGroup;
			children = (
				DFDC3C51205A647500E40E27 /* IRMediaType.h */,
				DFDC3C52205A647500E40E27 /* IRMediaType.m */,
				81E2888B20F48A46006DB29B /* IRResource.h */,
				81E2888C20F48A46006DB29B /* IRResource.m */,
				81E2888020F44FCF006DB29B /* IROpfMetadata.h */,
				81E2888120F44FCF006DB29B /* IROpfMetadata.m */,
				81E2889120F4A4D7006DB29B /* IROpfManifest.h */,
				81E2889220F4A4D7006DB29B /* IROpfManifest.m */,
				81E2889820F4D924006DB29B /* IRTocRefrence.h */,
				81E2889920F4D924006DB29B /* IRTocRefrence.m */,
				81E288A020F5F45D006DB29B /* IRSpine.h */,
				81E288A120F5F45D006DB29B /* IRSpine.m */,
				81E2889D20F5F42B006DB29B /* IROpfSpine.h */,
				81E2889E20F5F42B006DB29B /* IROpfSpine.m */,
			);
			path = "OPF-INF";
			sourceTree = "<group>";
		};
		81E2888320F454CF006DB29B /* Book */ = {
			isa = PBXGroup;
			children = (
				DFDC3C45205A613600E40E27 /* IRAuthor.h */,
				DFDC3C46205A613600E40E27 /* IRAuthor.m */,
				8145189320F307E000DC5F3D /* IREpubBook.h */,
				8145189420F307E000DC5F3D /* IREpubBook.m */,
			);
			path = Book;
			sourceTree = "<group>";
		};
		81FD55332126CC57005AA7AF /* IRPageViewController */ = {
			isa = PBXGroup;
			children = (
				81FD55342126CC7B005AA7AF /* IRPageViewController.h */,
				81FD55352126CC7B005AA7AF /* IRPageViewController.m */,
			);
			path = IRPageViewController;
			sourceTree = "<group>";
		};
		9042A5057239B9FDD6473889 /* Frameworks */ = {
			isa = PBXGroup;
			children = (
				42D886AB0BE345FE472D2E28 /* libPods-iReader.a */,
			);
			name = Frameworks;
			sourceTree = "<group>";
		};
		DFDC3BBA205665E100E40E27 = {
			isa = PBXGroup;
			children = (
				DFDC3BC5205665E100E40E27 /* iReader */,
				DFDC3BDE205665E100E40E27 /* iReaderTests */,
				DFDC3BE9205665E100E40E27 /* iReaderUITests */,
				DFDC3BC4205665E100E40E27 /* Products */,
				577A8CA8467CBEAAFE776266 /* Pods */,
				9042A5057239B9FDD6473889 /* Frameworks */,
			);
			sourceTree = "<group>";
		};
		DFDC3BC4205665E100E40E27 /* Products */ = {
			isa = PBXGroup;
			children = (
				DFDC3BC3205665E100E40E27 /* iReader.app */,
				DFDC3BDB205665E100E40E27 /* iReaderTests.xctest */,
				DFDC3BE6205665E100E40E27 /* iReaderUITests.xctest */,
			);
			name = Products;
			sourceTree = "<group>";
		};
		DFDC3BC5205665E100E40E27 /* iReader */ = {
			isa = PBXGroup;
			children = (
				DFDC3BF82056673300E40E27 /* App */,
				DFDC3C1920567E4400E40E27 /* Base */,
				DFDC3C0C205668B400E40E27 /* Main */,
				DFDC3C042056688400E40E27 /* Resource */,
				81D3402620EC6CCD0082725B /* Other */,
				DFDC3BD4205665E100E40E27 /* Info.plist */,
			);
			path = iReader;
			sourceTree = "<group>";
		};
		DFDC3BDE205665E100E40E27 /* iReaderTests */ = {
			isa = PBXGroup;
			children = (
				DFDC3BDF205665E100E40E27 /* iReaderTests.m */,
				DFDC3BE1205665E100E40E27 /* Info.plist */,
			);
			path = iReaderTests;
			sourceTree = "<group>";
		};
		DFDC3BE9205665E100E40E27 /* iReaderUITests */ = {
			isa = PBXGroup;
			children = (
				DFDC3BEA205665E100E40E27 /* iReaderUITests.m */,
				DFDC3BEC205665E100E40E27 /* Info.plist */,
			);
			path = iReaderUITests;
			sourceTree = "<group>";
		};
		DFDC3BF82056673300E40E27 /* App */ = {
			isa = PBXGroup;
			children = (
				DFDC3BC6205665E100E40E27 /* AppDelegate.h */,
				DFDC3BC7205665E100E40E27 /* AppDelegate.m */,
				DFDC3BD5205665E100E40E27 /* main.m */,
			);
			path = App;
			sourceTree = "<group>";
		};
		DFDC3C042056688400E40E27 /* Resource */ = {
			isa = PBXGroup;
			children = (
				81D3402420EC6BB70082725B /* Books */,
				DFDC3C052056688400E40E27 /* Storyboards */,
				DFDC3C082056688400E40E27 /* Assets.xcassets */,
			);
			path = Resource;
			sourceTree = "<group>";
		};
		DFDC3C052056688400E40E27 /* Storyboards */ = {
			isa = PBXGroup;
			children = (
				DFDC3C072056688400E40E27 /* Main.storyboard */,
			);
			path = Storyboards;
			sourceTree = "<group>";
		};
		DFDC3C0C205668B400E40E27 /* Main */ = {
			isa = PBXGroup;
			children = (
				810C504F212E6382000DA3B5 /* Main */,
				810C5050212E6393000DA3B5 /* HomePage */,
				DFDC3C1420566AA300E40E27 /* Discovery */,
			);
			path = Main;
			sourceTree = "<group>";
		};
		DFDC3C1420566AA300E40E27 /* Discovery */ = {
			isa = PBXGroup;
			children = (
				DFDC3C1520566ACD00E40E27 /* DiscoveryViewController.h */,
				DFDC3C1620566ACD00E40E27 /* DiscoveryViewController.m */,
			);
			path = Discovery;
			sourceTree = "<group>";
		};
		DFDC3C1920567E4400E40E27 /* Base */ = {
			isa = PBXGroup;
			children = (
				81B3747120F8AA6200D86F5C /* Common */,
				DFEADB8720FB8F3000BB4F97 /* Macros */,
				81154F4D20F64F9F008A15E8 /* RreaderKit */,
				81E2886B20F35248006DB29B /* Utilites */,
				DFDC3C3A205A4A4300E40E27 /* EpubParser */,
				DFDC3C1F20567EFC00E40E27 /* Router */,
				DFDC3C1A20567E5100E40E27 /* Category */,
				81E2852520F8868900348253 /* ThirdParty */,
			);
			path = Base;
			sourceTree = "<group>";
		};
		DFDC3C1A20567E5100E40E27 /* Category */ = {
			isa = PBXGroup;
			children = (
				810688C7211939240038B94A /* NSArray+Safe.h */,
				810688C8211939240038B94A /* NSArray+Safe.m */,
				810688C2211939170038B94A /* NSDictionary+Safe.h */,
				810688C3211939180038B94A /* NSDictionary+Safe.m */,
				DFDC3C2620567F5000E40E27 /* NSString+Extension.h */,
				DFDC3C2520567F5000E40E27 /* NSString+Extension.m */,
				DFDC3C1C20567E8900E40E27 /* UIView+Extension.h */,
				DFDC3C1B20567E8900E40E27 /* UIView+Extension.m */,
				DFEADB8420FB82B100BB4F97 /* UIColor+Extension.h */,
				DFEADB8520FB82B100BB4F97 /* UIColor+Extension.m */,
				81FD54E921255AF4005AA7AF /* NSObject+IRSwizzling.h */,
				81FD54EA21255AF4005AA7AF /* NSObject+IRSwizzling.m */,
			);
			path = Category;
			sourceTree = "<group>";
		};
		DFDC3C1F20567EFC00E40E27 /* Router */ = {
			isa = PBXGroup;
			children = (
				DFDC3C2120567EFC00E40E27 /* IERouter.h */,
				DFDC3C2020567EFC00E40E27 /* IERouter.m */,
				DFDC3C2220567EFC00E40E27 /* RouterBlockList.plist */,
			);
			path = Router;
			sourceTree = "<group>";
		};
		DFDC3C3A205A4A4300E40E27 /* EpubParser */ = {
			isa = PBXGroup;
			children = (
				81E2888320F454CF006DB29B /* Book */,
				81E2887F20F44F9E006DB29B /* OPF-INF */,
				81E2887E20F44F57006DB29B /* META-INF */,
				DFDC3C3B205A5A0A00E40E27 /* IREpubParser.h */,
				DFDC3C3C205A5A0A00E40E27 /* IREpubParser.m */,
				81E288A920F63116006DB29B /* IREpubHeaders.h */,
			);
			path = EpubParser;
			sourceTree = "<group>";
		};
		DFEADB8720FB8F3000BB4F97 /* Macros */ = {
			isa = PBXGroup;
			children = (
				81E2887D20F393C3006DB29B /* IRCommonDefines.h */,
			);
			path = Macros;
			sourceTree = "<group>";
		};
/* End PBXGroup section */

/* Begin PBXNativeTarget section */
		DFDC3BC2205665E100E40E27 /* iReader */ = {
			isa = PBXNativeTarget;
			buildConfigurationList = DFDC3BEF205665E100E40E27 /* Build configuration list for PBXNativeTarget "iReader" */;
			buildPhases = (
				236352A1509C2345576D71E6 /* [CP] Check Pods Manifest.lock */,
				DFDC3BBF205665E100E40E27 /* Sources */,
				DFDC3BC0205665E100E40E27 /* Frameworks */,
				DFDC3BC1205665E100E40E27 /* Resources */,
				D15198FF6996F9DDC9F776BE /* [CP] Copy Pods Resources */,
			);
			buildRules = (
			);
			dependencies = (
			);
			name = iReader;
			productName = iReader;
			productReference = DFDC3BC3205665E100E40E27 /* iReader.app */;
			productType = "com.apple.product-type.application";
		};
		DFDC3BDA205665E100E40E27 /* iReaderTests */ = {
			isa = PBXNativeTarget;
			buildConfigurationList = DFDC3BF2205665E100E40E27 /* Build configuration list for PBXNativeTarget "iReaderTests" */;
			buildPhases = (
				DFDC3BD7205665E100E40E27 /* Sources */,
				DFDC3BD8205665E100E40E27 /* Frameworks */,
				DFDC3BD9205665E100E40E27 /* Resources */,
			);
			buildRules = (
			);
			dependencies = (
				DFDC3BDD205665E100E40E27 /* PBXTargetDependency */,
			);
			name = iReaderTests;
			productName = iReaderTests;
			productReference = DFDC3BDB205665E100E40E27 /* iReaderTests.xctest */;
			productType = "com.apple.product-type.bundle.unit-test";
		};
		DFDC3BE5205665E100E40E27 /* iReaderUITests */ = {
			isa = PBXNativeTarget;
			buildConfigurationList = DFDC3BF5205665E100E40E27 /* Build configuration list for PBXNativeTarget "iReaderUITests" */;
			buildPhases = (
				DFDC3BE2205665E100E40E27 /* Sources */,
				DFDC3BE3205665E100E40E27 /* Frameworks */,
				DFDC3BE4205665E100E40E27 /* Resources */,
			);
			buildRules = (
			);
			dependencies = (
				DFDC3BE8205665E100E40E27 /* PBXTargetDependency */,
			);
			name = iReaderUITests;
			productName = iReaderUITests;
			productReference = DFDC3BE6205665E100E40E27 /* iReaderUITests.xctest */;
			productType = "com.apple.product-type.bundle.ui-testing";
		};
/* End PBXNativeTarget section */

/* Begin PBXProject section */
		DFDC3BBB205665E100E40E27 /* Project object */ = {
			isa = PBXProject;
			attributes = {
				LastUpgradeCheck = 0920;
				ORGANIZATIONNAME = zouzhiyong;
				TargetAttributes = {
					DFDC3BC2205665E100E40E27 = {
						CreatedOnToolsVersion = 9.2;
						ProvisioningStyle = Automatic;
					};
					DFDC3BDA205665E100E40E27 = {
						CreatedOnToolsVersion = 9.2;
						ProvisioningStyle = Automatic;
						TestTargetID = DFDC3BC2205665E100E40E27;
					};
					DFDC3BE5205665E100E40E27 = {
						CreatedOnToolsVersion = 9.2;
						ProvisioningStyle = Automatic;
						TestTargetID = DFDC3BC2205665E100E40E27;
					};
				};
			};
			buildConfigurationList = DFDC3BBE205665E100E40E27 /* Build configuration list for PBXProject "iReader" */;
			compatibilityVersion = "Xcode 8.0";
			developmentRegion = en;
			hasScannedForEncodings = 0;
			knownRegions = (
				en,
				Base,
			);
			mainGroup = DFDC3BBA205665E100E40E27;
			productRefGroup = DFDC3BC4205665E100E40E27 /* Products */;
			projectDirPath = "";
			projectRoot = "";
			targets = (
				DFDC3BC2205665E100E40E27 /* iReader */,
				DFDC3BDA205665E100E40E27 /* iReaderTests */,
				DFDC3BE5205665E100E40E27 /* iReaderUITests */,
			);
		};
/* End PBXProject section */

/* Begin PBXResourcesBuildPhase section */
		DFDC3BC1205665E100E40E27 /* Resources */ = {
			isa = PBXResourcesBuildPhase;
			buildActionMask = 2147483647;
			files = (
				DFDC3C0B2056688400E40E27 /* Assets.xcassets in Resources */,
				DFDC3C0A2056688400E40E27 /* Main.storyboard in Resources */,
				81E2889720F4A99F006DB29B /* The Silver Chair.epub in Resources */,
				DFDC3C2420567EFC00E40E27 /* RouterBlockList.plist in Resources */,
				DF92E84020FAFC3A008285C1 /* 细说明朝.epub in Resources */,
			);
			runOnlyForDeploymentPostprocessing = 0;
		};
		DFDC3BD9205665E100E40E27 /* Resources */ = {
			isa = PBXResourcesBuildPhase;
			buildActionMask = 2147483647;
			files = (
			);
			runOnlyForDeploymentPostprocessing = 0;
		};
		DFDC3BE4205665E100E40E27 /* Resources */ = {
			isa = PBXResourcesBuildPhase;
			buildActionMask = 2147483647;
			files = (
			);
			runOnlyForDeploymentPostprocessing = 0;
		};
/* End PBXResourcesBuildPhase section */

/* Begin PBXShellScriptBuildPhase section */
		236352A1509C2345576D71E6 /* [CP] Check Pods Manifest.lock */ = {
			isa = PBXShellScriptBuildPhase;
			buildActionMask = 2147483647;
			files = (
			);
			inputPaths = (
				"${PODS_PODFILE_DIR_PATH}/Podfile.lock",
				"${PODS_ROOT}/Manifest.lock",
			);
			name = "[CP] Check Pods Manifest.lock";
			outputPaths = (
				"$(DERIVED_FILE_DIR)/Pods-iReader-checkManifestLockResult.txt",
			);
			runOnlyForDeploymentPostprocessing = 0;
			shellPath = /bin/sh;
			shellScript = "diff \"${PODS_PODFILE_DIR_PATH}/Podfile.lock\" \"${PODS_ROOT}/Manifest.lock\" > /dev/null\nif [ $? != 0 ] ; then\n    # print error to STDERR\n    echo \"error: The sandbox is not in sync with the Podfile.lock. Run 'pod install' or update your CocoaPods installation.\" >&2\n    exit 1\nfi\n# This output is used by Xcode 'outputs' to avoid re-running this script phase.\necho \"SUCCESS\" > \"${SCRIPT_OUTPUT_FILE_0}\"\n";
			showEnvVarsInLog = 0;
		};
		D15198FF6996F9DDC9F776BE /* [CP] Copy Pods Resources */ = {
			isa = PBXShellScriptBuildPhase;
			buildActionMask = 2147483647;
			files = (
			);
			inputPaths = (
				"${SRCROOT}/Pods/Target Support Files/Pods-iReader/Pods-iReader-resources.sh",
				"${PODS_ROOT}/SVProgressHUD/SVProgressHUD/SVProgressHUD.bundle",
			);
			name = "[CP] Copy Pods Resources";
			outputPaths = (
				"${TARGET_BUILD_DIR}/${UNLOCALIZED_RESOURCES_FOLDER_PATH}/SVProgressHUD.bundle",
			);
			runOnlyForDeploymentPostprocessing = 0;
			shellPath = /bin/sh;
			shellScript = "\"${SRCROOT}/Pods/Target Support Files/Pods-iReader/Pods-iReader-resources.sh\"\n";
			showEnvVarsInLog = 0;
		};
/* End PBXShellScriptBuildPhase section */

/* Begin PBXSourcesBuildPhase section */
		DFDC3BBF205665E100E40E27 /* Sources */ = {
			isa = PBXSourcesBuildPhase;
			buildActionMask = 2147483647;
			files = (
				81E2851D20F8592B00348253 /* BookChapterListController.m in Sources */,
				81E2851A20F857D700348253 /* IRNavigationController.m in Sources */,
				DFDC3C53205A647500E40E27 /* IRMediaType.m in Sources */,
				81FD54EB21255AF4005AA7AF /* NSObject+IRSwizzling.m in Sources */,
				810089B5210B204100C05391 /* IRReaderConfig.m in Sources */,
				DFDC3C1D20567E8900E40E27 /* UIView+Extension.m in Sources */,
				810089B2210B1D7200C05391 /* IRPageModel.m in Sources */,
				81E2886A20F34700006DB29B /* GDataXMLNode.m in Sources */,
				810C5061212FF565000DA3B5 /* IRCacheManager.m in Sources */,
				81E2889320F4A4D7006DB29B /* IROpfManifest.m in Sources */,
				81E2889F20F5F42B006DB29B /* IROpfSpine.m in Sources */,
				810688B421181D060038B94A /* IRReaderCenterController.m in Sources */,
				81E2888220F44FCF006DB29B /* IROpfMetadata.m in Sources */,
				81E2889A20F4D924006DB29B /* IRTocRefrence.m in Sources */,
				8100899921084D3700C05391 /* IRChapterModel.m in Sources */,
				81E2888D20F48A46006DB29B /* IRResource.m in Sources */,
				DFDC3BD6205665E100E40E27 /* main.m in Sources */,
				810688C021192E330038B94A /* IRUIUtilites.m in Sources */,
				DFDC3C2320567EFC00E40E27 /* IERouter.m in Sources */,
				810688C9211939240038B94A /* NSArray+Safe.m in Sources */,
				DFDC3C3D205A5A0A00E40E27 /* IREpubParser.m in Sources */,
				810688C6211939180038B94A /* NSDictionary+Safe.m in Sources */,
				81E288A220F5F45D006DB29B /* IRSpine.m in Sources */,
				81E2887C20F391C5006DB29B /* IRCommonUtilites.m in Sources */,
				81E2887920F38C4E006DB29B /* IRContainer.m in Sources */,
				81E2886E20F35295006DB29B /* IRFileUtilites.m in Sources */,
				DFEADB8620FB82B100BB4F97 /* UIColor+Extension.m in Sources */,
				DFDC3C0F2056690000E40E27 /* MainViewController.m in Sources */,
				8145189520F307E000DC5F3D /* IREpubBook.m in Sources */,
				81FD55362126CC7B005AA7AF /* IRPageViewController.m in Sources */,
				DFDC3C47205A613600E40E27 /* IRAuthor.m in Sources */,
				DFDC3BC8205665E100E40E27 /* AppDelegate.m in Sources */,
				810688BD21182BB20038B94A /* IRReaderNavigationView.m in Sources */,
				810C505A212E9316000DA3B5 /* IRReaderSettingView.m in Sources */,
				DFDC3C1720566ACD00E40E27 /* DiscoveryViewController.m in Sources */,
				81B3747520F8AABB00D86F5C /* IRCollectionViewCell.m in Sources */,
				DFDC3C2720567F5000E40E27 /* NSString+Extension.m in Sources */,
				810C5054212E63F6000DA3B5 /* IRBookCell.m in Sources */,
				81FD55392126CD22005AA7AF /* IRReadingViewController.m in Sources */,
				81E2852020F85A3B00348253 /* BookChapterListCell.m in Sources */,
				810C5057212E6459000DA3B5 /* HomePageViewController.m in Sources */,
			);
			runOnlyForDeploymentPostprocessing = 0;
		};
		DFDC3BD7205665E100E40E27 /* Sources */ = {
			isa = PBXSourcesBuildPhase;
			buildActionMask = 2147483647;
			files = (
				DFDC3BE0205665E100E40E27 /* iReaderTests.m in Sources */,
			);
			runOnlyForDeploymentPostprocessing = 0;
		};
		DFDC3BE2205665E100E40E27 /* Sources */ = {
			isa = PBXSourcesBuildPhase;
			buildActionMask = 2147483647;
			files = (
				DFDC3BEB205665E100E40E27 /* iReaderUITests.m in Sources */,
			);
			runOnlyForDeploymentPostprocessing = 0;
		};
/* End PBXSourcesBuildPhase section */

/* Begin PBXTargetDependency section */
		DFDC3BDD205665E100E40E27 /* PBXTargetDependency */ = {
			isa = PBXTargetDependency;
			target = DFDC3BC2205665E100E40E27 /* iReader */;
			targetProxy = DFDC3BDC205665E100E40E27 /* PBXContainerItemProxy */;
		};
		DFDC3BE8205665E100E40E27 /* PBXTargetDependency */ = {
			isa = PBXTargetDependency;
			target = DFDC3BC2205665E100E40E27 /* iReader */;
			targetProxy = DFDC3BE7205665E100E40E27 /* PBXContainerItemProxy */;
		};
/* End PBXTargetDependency section */

/* Begin XCBuildConfiguration section */
		DFDC3BED205665E100E40E27 /* Debug */ = {
			isa = XCBuildConfiguration;
			buildSettings = {
				ALWAYS_SEARCH_USER_PATHS = NO;
				CLANG_ANALYZER_NONNULL = YES;
				CLANG_ANALYZER_NUMBER_OBJECT_CONVERSION = YES_AGGRESSIVE;
				CLANG_CXX_LANGUAGE_STANDARD = "gnu++14";
				CLANG_CXX_LIBRARY = "libc++";
				CLANG_ENABLE_MODULES = YES;
				CLANG_ENABLE_OBJC_ARC = YES;
				CLANG_WARN_BLOCK_CAPTURE_AUTORELEASING = YES;
				CLANG_WARN_BOOL_CONVERSION = YES;
				CLANG_WARN_COMMA = YES;
				CLANG_WARN_CONSTANT_CONVERSION = YES;
				CLANG_WARN_DIRECT_OBJC_ISA_USAGE = YES_ERROR;
				CLANG_WARN_DOCUMENTATION_COMMENTS = YES;
				CLANG_WARN_EMPTY_BODY = YES;
				CLANG_WARN_ENUM_CONVERSION = YES;
				CLANG_WARN_INFINITE_RECURSION = YES;
				CLANG_WARN_INT_CONVERSION = YES;
				CLANG_WARN_NON_LITERAL_NULL_CONVERSION = YES;
				CLANG_WARN_OBJC_LITERAL_CONVERSION = YES;
				CLANG_WARN_OBJC_ROOT_CLASS = YES_ERROR;
				CLANG_WARN_RANGE_LOOP_ANALYSIS = YES;
				CLANG_WARN_STRICT_PROTOTYPES = YES;
				CLANG_WARN_SUSPICIOUS_MOVE = YES;
				CLANG_WARN_UNGUARDED_AVAILABILITY = YES_AGGRESSIVE;
				CLANG_WARN_UNREACHABLE_CODE = YES;
				CLANG_WARN__DUPLICATE_METHOD_MATCH = YES;
				CODE_SIGN_IDENTITY = "iPhone Developer";
				COPY_PHASE_STRIP = NO;
				DEBUG_INFORMATION_FORMAT = dwarf;
				ENABLE_STRICT_OBJC_MSGSEND = YES;
				ENABLE_TESTABILITY = YES;
				GCC_C_LANGUAGE_STANDARD = gnu11;
				GCC_DYNAMIC_NO_PIC = NO;
				GCC_NO_COMMON_BLOCKS = YES;
				GCC_OPTIMIZATION_LEVEL = 0;
				GCC_PREPROCESSOR_DEFINITIONS = (
					"DEBUG=1",
					"$(inherited)",
				);
				GCC_WARN_64_TO_32_BIT_CONVERSION = YES;
				GCC_WARN_ABOUT_RETURN_TYPE = YES_ERROR;
				GCC_WARN_UNDECLARED_SELECTOR = YES;
				GCC_WARN_UNINITIALIZED_AUTOS = YES_AGGRESSIVE;
				GCC_WARN_UNUSED_FUNCTION = YES;
				GCC_WARN_UNUSED_VARIABLE = YES;
				IPHONEOS_DEPLOYMENT_TARGET = 11.2;
				MTL_ENABLE_DEBUG_INFO = YES;
				ONLY_ACTIVE_ARCH = YES;
				SDKROOT = iphoneos;
			};
			name = Debug;
		};
		DFDC3BEE205665E100E40E27 /* Release */ = {
			isa = XCBuildConfiguration;
			buildSettings = {
				ALWAYS_SEARCH_USER_PATHS = NO;
				CLANG_ANALYZER_NONNULL = YES;
				CLANG_ANALYZER_NUMBER_OBJECT_CONVERSION = YES_AGGRESSIVE;
				CLANG_CXX_LANGUAGE_STANDARD = "gnu++14";
				CLANG_CXX_LIBRARY = "libc++";
				CLANG_ENABLE_MODULES = YES;
				CLANG_ENABLE_OBJC_ARC = YES;
				CLANG_WARN_BLOCK_CAPTURE_AUTORELEASING = YES;
				CLANG_WARN_BOOL_CONVERSION = YES;
				CLANG_WARN_COMMA = YES;
				CLANG_WARN_CONSTANT_CONVERSION = YES;
				CLANG_WARN_DIRECT_OBJC_ISA_USAGE = YES_ERROR;
				CLANG_WARN_DOCUMENTATION_COMMENTS = YES;
				CLANG_WARN_EMPTY_BODY = YES;
				CLANG_WARN_ENUM_CONVERSION = YES;
				CLANG_WARN_INFINITE_RECURSION = YES;
				CLANG_WARN_INT_CONVERSION = YES;
				CLANG_WARN_NON_LITERAL_NULL_CONVERSION = YES;
				CLANG_WARN_OBJC_LITERAL_CONVERSION = YES;
				CLANG_WARN_OBJC_ROOT_CLASS = YES_ERROR;
				CLANG_WARN_RANGE_LOOP_ANALYSIS = YES;
				CLANG_WARN_STRICT_PROTOTYPES = YES;
				CLANG_WARN_SUSPICIOUS_MOVE = YES;
				CLANG_WARN_UNGUARDED_AVAILABILITY = YES_AGGRESSIVE;
				CLANG_WARN_UNREACHABLE_CODE = YES;
				CLANG_WARN__DUPLICATE_METHOD_MATCH = YES;
				CODE_SIGN_IDENTITY = "iPhone Developer";
				COPY_PHASE_STRIP = NO;
				DEBUG_INFORMATION_FORMAT = "dwarf-with-dsym";
				ENABLE_NS_ASSERTIONS = NO;
				ENABLE_STRICT_OBJC_MSGSEND = YES;
				GCC_C_LANGUAGE_STANDARD = gnu11;
				GCC_NO_COMMON_BLOCKS = YES;
				GCC_WARN_64_TO_32_BIT_CONVERSION = YES;
				GCC_WARN_ABOUT_RETURN_TYPE = YES_ERROR;
				GCC_WARN_UNDECLARED_SELECTOR = YES;
				GCC_WARN_UNINITIALIZED_AUTOS = YES_AGGRESSIVE;
				GCC_WARN_UNUSED_FUNCTION = YES;
				GCC_WARN_UNUSED_VARIABLE = YES;
				IPHONEOS_DEPLOYMENT_TARGET = 11.2;
				MTL_ENABLE_DEBUG_INFO = NO;
				SDKROOT = iphoneos;
				VALIDATE_PRODUCT = YES;
			};
			name = Release;
		};
		DFDC3BF0205665E100E40E27 /* Debug */ = {
			isa = XCBuildConfiguration;
			baseConfigurationReference = B2035DF92994DB586CB903BD /* Pods-iReader.debug.xcconfig */;
			buildSettings = {
				ASSETCATALOG_COMPILER_APPICON_NAME = AppIcon;
				ASSETCATALOG_COMPILER_LAUNCHIMAGE_NAME = LaunchImage;
				CODE_SIGN_STYLE = Automatic;
				DEVELOPMENT_TEAM = 5F24R2G835;
				FRAMEWORK_SEARCH_PATHS = "$(inherited)";
				GCC_PRECOMPILE_PREFIX_HEADER = YES;
				GCC_PREFIX_HEADER = iReader/Other/iReader.pch;
				HEADER_SEARCH_PATHS = (
					"$(inherited)",
					"\"${PODS_ROOT}/Headers/Public\"",
					"\"${PODS_ROOT}/Headers/Public/Masonry\"",
					"\"${PODS_ROOT}/Headers/Public/SVProgressHUD\"",
					"\"${PODS_ROOT}/Headers/Public/ZipArchive\"",
					/usr/include/libxml2,
				);
				INFOPLIST_FILE = iReader/Info.plist;
				IPHONEOS_DEPLOYMENT_TARGET = 8.0;
				LD_RUNPATH_SEARCH_PATHS = "$(inherited) @executable_path/Frameworks";
				OTHER_LDFLAGS = (
					"$(inherited)",
					"-ObjC",
					"-l\"Masonry\"",
					"-l\"SVProgressHUD\"",
					"-l\"ZipArchive\"",
					"-l\"z\"",
					"-framework",
					"\"Foundation\"",
					"-framework",
					"\"QuartzCore\"",
					"-framework",
					"\"UIKit\"",
					"-lxml2",
				);
				PRODUCT_BUNDLE_IDENTIFIER = zzy.iReader;
				PRODUCT_NAME = "$(TARGET_NAME)";
				TARGETED_DEVICE_FAMILY = "1,2";
			};
			name = Debug;
		};
		DFDC3BF1205665E100E40E27 /* Release */ = {
			isa = XCBuildConfiguration;
			baseConfigurationReference = 1F5255C12A7E313323610965 /* Pods-iReader.release.xcconfig */;
			buildSettings = {
				ASSETCATALOG_COMPILER_APPICON_NAME = AppIcon;
				ASSETCATALOG_COMPILER_LAUNCHIMAGE_NAME = LaunchImage;
				CODE_SIGN_STYLE = Automatic;
				DEVELOPMENT_TEAM = 5F24R2G835;
				FRAMEWORK_SEARCH_PATHS = "$(inherited)";
				GCC_PRECOMPILE_PREFIX_HEADER = YES;
				GCC_PREFIX_HEADER = iReader/Other/iReader.pch;
				HEADER_SEARCH_PATHS = (
					"$(inherited)",
					"\"${PODS_ROOT}/Headers/Public\"",
					"\"${PODS_ROOT}/Headers/Public/Masonry\"",
					"\"${PODS_ROOT}/Headers/Public/SVProgressHUD\"",
					"\"${PODS_ROOT}/Headers/Public/ZipArchive\"",
					/usr/include/libxml2,
				);
				INFOPLIST_FILE = iReader/Info.plist;
				IPHONEOS_DEPLOYMENT_TARGET = 8.0;
				LD_RUNPATH_SEARCH_PATHS = "$(inherited) @executable_path/Frameworks";
				OTHER_LDFLAGS = (
					"$(inherited)",
					"-ObjC",
					"-l\"Masonry\"",
					"-l\"SVProgressHUD\"",
					"-l\"ZipArchive\"",
					"-l\"z\"",
					"-framework",
					"\"Foundation\"",
					"-framework",
					"\"QuartzCore\"",
					"-framework",
					"\"UIKit\"",
					"-lxml2",
				);
				PRODUCT_BUNDLE_IDENTIFIER = zzy.iReader;
				PRODUCT_NAME = "$(TARGET_NAME)";
				TARGETED_DEVICE_FAMILY = "1,2";
			};
			name = Release;
		};
		DFDC3BF3205665E100E40E27 /* Debug */ = {
			isa = XCBuildConfiguration;
			buildSettings = {
				BUNDLE_LOADER = "$(TEST_HOST)";
				CODE_SIGN_STYLE = Automatic;
				INFOPLIST_FILE = iReaderTests/Info.plist;
				LD_RUNPATH_SEARCH_PATHS = "$(inherited) @executable_path/Frameworks @loader_path/Frameworks";
				PRODUCT_BUNDLE_IDENTIFIER = yy.iReaderTests;
				PRODUCT_NAME = "$(TARGET_NAME)";
				TARGETED_DEVICE_FAMILY = "1,2";
				TEST_HOST = "$(BUILT_PRODUCTS_DIR)/iReader.app/iReader";
			};
			name = Debug;
		};
		DFDC3BF4205665E100E40E27 /* Release */ = {
			isa = XCBuildConfiguration;
			buildSettings = {
				BUNDLE_LOADER = "$(TEST_HOST)";
				CODE_SIGN_STYLE = Automatic;
				INFOPLIST_FILE = iReaderTests/Info.plist;
				LD_RUNPATH_SEARCH_PATHS = "$(inherited) @executable_path/Frameworks @loader_path/Frameworks";
				PRODUCT_BUNDLE_IDENTIFIER = yy.iReaderTests;
				PRODUCT_NAME = "$(TARGET_NAME)";
				TARGETED_DEVICE_FAMILY = "1,2";
				TEST_HOST = "$(BUILT_PRODUCTS_DIR)/iReader.app/iReader";
			};
			name = Release;
		};
		DFDC3BF6205665E100E40E27 /* Debug */ = {
			isa = XCBuildConfiguration;
			buildSettings = {
				CODE_SIGN_STYLE = Automatic;
				INFOPLIST_FILE = iReaderUITests/Info.plist;
				LD_RUNPATH_SEARCH_PATHS = "$(inherited) @executable_path/Frameworks @loader_path/Frameworks";
				PRODUCT_BUNDLE_IDENTIFIER = yy.iReaderUITests;
				PRODUCT_NAME = "$(TARGET_NAME)";
				TARGETED_DEVICE_FAMILY = "1,2";
				TEST_TARGET_NAME = iReader;
			};
			name = Debug;
		};
		DFDC3BF7205665E100E40E27 /* Release */ = {
			isa = XCBuildConfiguration;
			buildSettings = {
				CODE_SIGN_STYLE = Automatic;
				INFOPLIST_FILE = iReaderUITests/Info.plist;
				LD_RUNPATH_SEARCH_PATHS = "$(inherited) @executable_path/Frameworks @loader_path/Frameworks";
				PRODUCT_BUNDLE_IDENTIFIER = yy.iReaderUITests;
				PRODUCT_NAME = "$(TARGET_NAME)";
				TARGETED_DEVICE_FAMILY = "1,2";
				TEST_TARGET_NAME = iReader;
			};
			name = Release;
		};
/* End XCBuildConfiguration section */

/* Begin XCConfigurationList section */
		DFDC3BBE205665E100E40E27 /* Build configuration list for PBXProject "iReader" */ = {
			isa = XCConfigurationList;
			buildConfigurations = (
				DFDC3BED205665E100E40E27 /* Debug */,
				DFDC3BEE205665E100E40E27 /* Release */,
			);
			defaultConfigurationIsVisible = 0;
			defaultConfigurationName = Release;
		};
		DFDC3BEF205665E100E40E27 /* Build configuration list for PBXNativeTarget "iReader" */ = {
			isa = XCConfigurationList;
			buildConfigurations = (
				DFDC3BF0205665E100E40E27 /* Debug */,
				DFDC3BF1205665E100E40E27 /* Release */,
			);
			defaultConfigurationIsVisible = 0;
			defaultConfigurationName = Release;
		};
		DFDC3BF2205665E100E40E27 /* Build configuration list for PBXNativeTarget "iReaderTests" */ = {
			isa = XCConfigurationList;
			buildConfigurations = (
				DFDC3BF3205665E100E40E27 /* Debug */,
				DFDC3BF4205665E100E40E27 /* Release */,
			);
			defaultConfigurationIsVisible = 0;
			defaultConfigurationName = Release;
		};
		DFDC3BF5205665E100E40E27 /* Build configuration list for PBXNativeTarget "iReaderUITests" */ = {
			isa = XCConfigurationList;
			buildConfigurations = (
				DFDC3BF6205665E100E40E27 /* Debug */,
				DFDC3BF7205665E100E40E27 /* Release */,
			);
			defaultConfigurationIsVisible = 0;
			defaultConfigurationName = Release;
		};
/* End XCConfigurationList section */
	};
	rootObject = DFDC3BBB205665E100E40E27 /* Project object */;
}
